
Microsoft Visual Studio Solution File, Format Version 12.00
# Visual Studio 15
VisualStudioVersion = 15.0.28010.0
MinimumVisualStudioVersion = 10.0.40219.1
Project("{FAE04EC0-301F-11D3-BF4B-00C04F79EFBC}") = "new solution", "new solution\new solution.csproj", "{2816B22E-5199-48E5-8A5B-DA5CEB4CA3D4}"
EndProject
Global
	GlobalSection(SolutionConfigurationPlatforms) = preSolution
		Debug|Any CPU = Debug|Any CPU
		Release|Any CPU = Release|Any CPU
	EndGlobalSection
	GlobalSection(ProjectConfigurationPlatforms) = postSolution
		{2816B22E-5199-48E5-8A5B-DA5CEB4CA3D4}.Debug|Any CPU.ActiveCfg = Debug|Any CPU
		{2816B22E-5199-48E5-8A5B-DA5CEB4CA3D4}.Debug|Any CPU.Build.0 = Debug|Any CPU
		{2816B22E-5199-48E5-8A5B-DA5CEB4CA3D4}.Release|Any CPU.ActiveCfg = Release|Any CPU
		{2816B22E-5199-48E5-8A5B-DA5CEB4CA3D4}.Release|Any CPU.Build.0 = Release|Any CPU
	EndGlobalSection
	GlobalSection(SolutionProperties) = preSolution
		HideSolutionNode = FALSE
	EndGlobalSection
	GlobalSection(ExtensibilityGlobals) = postSolution
		SolutionGuid = {F2946A02-7689-4BE3-A73E-203C743435E8}
	EndGlobalSection
EndGlobal
